
Microsoft Visual Studio Solution File, Format Version 12.00
# Visual Studio Version 17
VisualStudioVersion = 17.2.32630.192
MinimumVisualStudioVersion = 10.0.40219.1
Project("{2150E333-8FDC-42A3-9474-1A3956D46DE8}") = "01- UI", "01- UI", "{EAC4344E-6B9D-4E43-8B98-8EAE5F212228}"
EndProject
Project("{2150E333-8FDC-42A3-9474-1A3956D46DE8}") = "02 - Business", "02 - Business", "{E6CBE0CC-58F2-4428-87A4-C51AEC432C2C}"
EndProject
Project("{2150E333-8FDC-42A3-9474-1A3956D46DE8}") = "03 - Persistence", "03 - Persistence", "{AFD5C2D4-6DB2-45C1-A0D8-BA1A7A290C4D}"
EndProject
Project("{2150E333-8FDC-42A3-9474-1A3956D46DE8}") = "04 - Shared", "04 - Shared", "{39B9B98D-69D6-44EC-9932-332D5D73036D}"
EndProject
Project("{9A19103F-16F7-4668-BE54-9A1E7A4F7556}") = "Origin.Repository", "Origin.Repository\Origin.Repository.csproj", "{01FC5C16-9603-4B73-A809-367E17530E57}"
EndProject
Project("{2150E333-8FDC-42A3-9474-1A3956D46DE8}") = "Core", "Core", "{7F68C925-400F-41F6-8FF5-FB9541B47769}"
EndProject
Project("{2150E333-8FDC-42A3-9474-1A3956D46DE8}") = "Model", "Model", "{211B77D4-8818-45DA-BA99-002473EC5B87}"
EndProject
Project("{9A19103F-16F7-4668-BE54-9A1E7A4F7556}") = "Origin.Model", "Origin.Model\Origin.Model.csproj", "{13FE4643-7B73-4602-B537-3BE0B302C003}"
EndProject
Project("{9A19103F-16F7-4668-BE54-9A1E7A4F7556}") = "Core.Abstractions", "Core\Core.Abstractions\Core.Abstractions.csproj", "{36811068-269B-40FE-BCEB-86591C272AE8}"
EndProject
Project("{9A19103F-16F7-4668-BE54-9A1E7A4F7556}") = "Core.Externals", "Core\Core.Externals\Core.Externals.csproj", "{A6BD9615-48C6-415E-9D8F-FFA1EBE846B8}"
EndProject
Project("{9A19103F-16F7-4668-BE54-9A1E7A4F7556}") = "Core.Framework", "Core\Core.Framework\Core.Framework.csproj", "{ED7FA193-C6C6-499C-824C-C001CE8A75A5}"
EndProject
Project("{9A19103F-16F7-4668-BE54-9A1E7A4F7556}") = "Origin.DatabaseContext", "Origin.DatabaseContext\Origin.DatabaseContext.csproj", "{B1329426-CE53-4CCE-8673-CFF86D02E28D}"
EndProject
Project("{9A19103F-16F7-4668-BE54-9A1E7A4F7556}") = "Origin.Api", "Origin.Api\Origin.Api.csproj", "{E1A000B1-3F43-47F7-A2FA-E7558B8963D3}"
EndProject
Project("{9A19103F-16F7-4668-BE54-9A1E7A4F7556}") = "Origin.Business", "Origin.Business\Origin.Business.csproj", "{4A26F9E8-E18B-4789-8002-E10DDE4D4493}"
EndProject
Global
	GlobalSection(SolutionConfigurationPlatforms) = preSolution
		Debug|Any CPU = Debug|Any CPU
		Release|Any CPU = Release|Any CPU
	EndGlobalSection
	GlobalSection(ProjectConfigurationPlatforms) = postSolution
		{01FC5C16-9603-4B73-A809-367E17530E57}.Debug|Any CPU.ActiveCfg = Debug|Any CPU
		{01FC5C16-9603-4B73-A809-367E17530E57}.Debug|Any CPU.Build.0 = Debug|Any CPU
		{01FC5C16-9603-4B73-A809-367E17530E57}.Release|Any CPU.ActiveCfg = Release|Any CPU
		{01FC5C16-9603-4B73-A809-367E17530E57}.Release|Any CPU.Build.0 = Release|Any CPU
		{13FE4643-7B73-4602-B537-3BE0B302C003}.Debug|Any CPU.ActiveCfg = Debug|Any CPU
		{13FE4643-7B73-4602-B537-3BE0B302C003}.Debug|Any CPU.Build.0 = Debug|Any CPU
		{13FE4643-7B73-4602-B537-3BE0B302C003}.Release|Any CPU.ActiveCfg = Release|Any CPU
		{13FE4643-7B73-4602-B537-3BE0B302C003}.Release|Any CPU.Build.0 = Release|Any CPU
		{36811068-269B-40FE-BCEB-86591C272AE8}.Debug|Any CPU.ActiveCfg = Debug|Any CPU
		{36811068-269B-40FE-BCEB-86591C272AE8}.Debug|Any CPU.Build.0 = Debug|Any CPU
		{36811068-269B-40FE-BCEB-86591C272AE8}.Release|Any CPU.ActiveCfg = Release|Any CPU
		{36811068-269B-40FE-BCEB-86591C272AE8}.Release|Any CPU.Build.0 = Release|Any CPU
		{A6BD9615-48C6-415E-9D8F-FFA1EBE846B8}.Debug|Any CPU.ActiveCfg = Debug|Any CPU
		{A6BD9615-48C6-415E-9D8F-FFA1EBE846B8}.Debug|Any CPU.Build.0 = Debug|Any CPU
		{A6BD9615-48C6-415E-9D8F-FFA1EBE846B8}.Release|Any CPU.ActiveCfg = Release|Any CPU
		{A6BD9615-48C6-415E-9D8F-FFA1EBE846B8}.Release|Any CPU.Build.0 = Release|Any CPU
		{ED7FA193-C6C6-499C-824C-C001CE8A75A5}.Debug|Any CPU.ActiveCfg = Debug|Any CPU
		{ED7FA193-C6C6-499C-824C-C001CE8A75A5}.Debug|Any CPU.Build.0 = Debug|Any CPU
		{ED7FA193-C6C6-499C-824C-C001CE8A75A5}.Release|Any CPU.ActiveCfg = Release|Any CPU
		{ED7FA193-C6C6-499C-824C-C001CE8A75A5}.Release|Any CPU.Build.0 = Release|Any CPU
		{B1329426-CE53-4CCE-8673-CFF86D02E28D}.Debug|Any CPU.ActiveCfg = Debug|Any CPU
		{B1329426-CE53-4CCE-8673-CFF86D02E28D}.Debug|Any CPU.Build.0 = Debug|Any CPU
		{B1329426-CE53-4CCE-8673-CFF86D02E28D}.Release|Any CPU.ActiveCfg = Release|Any CPU
		{B1329426-CE53-4CCE-8673-CFF86D02E28D}.Release|Any CPU.Build.0 = Release|Any CPU
		{E1A000B1-3F43-47F7-A2FA-E7558B8963D3}.Debug|Any CPU.ActiveCfg = Debug|Any CPU
		{E1A000B1-3F43-47F7-A2FA-E7558B8963D3}.Debug|Any CPU.Build.0 = Debug|Any CPU
		{E1A000B1-3F43-47F7-A2FA-E7558B8963D3}.Release|Any CPU.ActiveCfg = Release|Any CPU
		{E1A000B1-3F43-47F7-A2FA-E7558B8963D3}.Release|Any CPU.Build.0 = Release|Any CPU
		{4A26F9E8-E18B-4789-8002-E10DDE4D4493}.Debug|Any CPU.ActiveCfg = Debug|Any CPU
		{4A26F9E8-E18B-4789-8002-E10DDE4D4493}.Debug|Any CPU.Build.0 = Debug|Any CPU
		{4A26F9E8-E18B-4789-8002-E10DDE4D4493}.Release|Any CPU.ActiveCfg = Release|Any CPU
		{4A26F9E8-E18B-4789-8002-E10DDE4D4493}.Release|Any CPU.Build.0 = Release|Any CPU
	EndGlobalSection
	GlobalSection(SolutionProperties) = preSolution
		HideSolutionNode = FALSE
	EndGlobalSection
	GlobalSection(NestedProjects) = preSolution
		{01FC5C16-9603-4B73-A809-367E17530E57} = {AFD5C2D4-6DB2-45C1-A0D8-BA1A7A290C4D}
		{7F68C925-400F-41F6-8FF5-FB9541B47769} = {39B9B98D-69D6-44EC-9932-332D5D73036D}
		{211B77D4-8818-45DA-BA99-002473EC5B87} = {39B9B98D-69D6-44EC-9932-332D5D73036D}
		{13FE4643-7B73-4602-B537-3BE0B302C003} = {211B77D4-8818-45DA-BA99-002473EC5B87}
		{36811068-269B-40FE-BCEB-86591C272AE8} = {7F68C925-400F-41F6-8FF5-FB9541B47769}
		{A6BD9615-48C6-415E-9D8F-FFA1EBE846B8} = {7F68C925-400F-41F6-8FF5-FB9541B47769}
		{ED7FA193-C6C6-499C-824C-C001CE8A75A5} = {7F68C925-400F-41F6-8FF5-FB9541B47769}
		{B1329426-CE53-4CCE-8673-CFF86D02E28D} = {AFD5C2D4-6DB2-45C1-A0D8-BA1A7A290C4D}
		{E1A000B1-3F43-47F7-A2FA-E7558B8963D3} = {EAC4344E-6B9D-4E43-8B98-8EAE5F212228}
		{4A26F9E8-E18B-4789-8002-E10DDE4D4493} = {E6CBE0CC-58F2-4428-87A4-C51AEC432C2C}
	EndGlobalSection
	GlobalSection(ExtensibilityGlobals) = postSolution
		SolutionGuid = {FBA2CC9E-AE1C-463B-B577-AC6C0D3FA615}
	EndGlobalSection
EndGlobal
